// !$*UTF8*$!
{
	archiveVersion = 1;
	classes = {
	};
	objectVersion = 48;
	objects = {

/* Begin PBXBuildFile section */

		53F5B78A1FB5F0A000556CD5 /* Forest BG.png in Resources */ = {isa = PBXBuildFile; fileRef = 53F5B7891FB5F0A000556CD5 /* Forest BG.png */; };
		53F5B78E1FB5F57F00556CD5 /* Blue 1.png in Resources */ = {isa = PBXBuildFile; fileRef = 53F5B78C1FB5F57F00556CD5 /* Blue 1.png */; };
		53F5B78F1FB5F57F00556CD5 /* Pause Menu.png in Resources */ = {isa = PBXBuildFile; fileRef = 53F5B78D1FB5F57F00556CD5 /* Pause Menu.png */; };
		EE2B407E1FB1DBFA005C5775 /* AppDelegate.swift in Sources */ = {isa = PBXBuildFile; fileRef = EE2B407D1FB1DBFA005C5775 /* AppDelegate.swift */; };
		EE2B40801FB1DBFA005C5775 /* GameScene.sks in Resources */ = {isa = PBXBuildFile; fileRef = EE2B407F1FB1DBFA005C5775 /* GameScene.sks */; };
		EE2B40821FB1DBFA005C5775 /* Actions.sks in Resources */ = {isa = PBXBuildFile; fileRef = EE2B40811FB1DBFA005C5775 /* Actions.sks */; };
		EE2B40861FB1DBFA005C5775 /* GameViewController.swift in Sources */ = {isa = PBXBuildFile; fileRef = EE2B40851FB1DBFA005C5775 /* GameViewController.swift */; };
		EE2B408B1FB1DBFA005C5775 /* Assets.xcassets in Resources */ = {isa = PBXBuildFile; fileRef = EE2B408A1FB1DBFA005C5775 /* Assets.xcassets */; };
		EE2B408E1FB1DBFA005C5775 /* LaunchScreen.storyboard in Resources */ = {isa = PBXBuildFile; fileRef = EE2B408C1FB1DBFA005C5775 /* LaunchScreen.storyboard */; };
		EE2B40A41FB1DBFA005C5775 /* TamagotchiUITests.swift in Sources */ = {isa = PBXBuildFile; fileRef = EE2B40A31FB1DBFA005C5775 /* TamagotchiUITests.swift */; };
		EE2B40B21FB1DC42005C5775 /* EggTests.swift in Sources */ = {isa = PBXBuildFile; fileRef = EE2B40B11FB1DC42005C5775 /* EggTests.swift */; };
		EE2B40B41FB1DDC2005C5775 /* Egg.swift in Sources */ = {isa = PBXBuildFile; fileRef = EE2B40B31FB1DDC2005C5775 /* Egg.swift */; };
		EEC1E2641FB5C11D005606E4 /* Forest.png in Resources */ = {isa = PBXBuildFile; fileRef = FA09AB121FB5961C003C6C20 /* Forest.png */; };
		EEC1E2661FB5C4EA005606E4 /* Lion.swift in Sources */ = {isa = PBXBuildFile; fileRef = EEC1E2651FB5C4EA005606E4 /* Lion.swift */; };
		EEC1E2681FB5C524005606E4 /* VisualLion.swift in Sources */ = {isa = PBXBuildFile; fileRef = EEC1E2671FB5C524005606E4 /* VisualLion.swift */; };
		EEC1E26B1FB5C8DD005606E4 /* lion.png in Resources */ = {isa = PBXBuildFile; fileRef = EEC1E26A1FB5C8DD005606E4 /* lion.png */; };
		FA09AAF21FB5920B003C6C20 /* VisualEgg.swift in Sources */ = {isa = PBXBuildFile; fileRef = FA09AAF11FB5920B003C6C20 /* VisualEgg.swift */; };
		FA09AAFC1FB59287003C6C20 /* crack2.png in Resources */ = {isa = PBXBuildFile; fileRef = FA09AAF51FB59286003C6C20 /* crack2.png */; };
		FA09AAFD1FB59287003C6C20 /* 1276572-200.png in Resources */ = {isa = PBXBuildFile; fileRef = FA09AAF61FB59286003C6C20 /* 1276572-200.png */; };
		FA09AAFE1FB59287003C6C20 /* crack1.png in Resources */ = {isa = PBXBuildFile; fileRef = FA09AAF71FB59286003C6C20 /* crack1.png */; };
		FA09AAFF1FB59287003C6C20 /* 1175533-200.png in Resources */ = {isa = PBXBuildFile; fileRef = FA09AAF81FB59287003C6C20 /* 1175533-200.png */; };
		FA09AB001FB59287003C6C20 /* 1261295-200.png in Resources */ = {isa = PBXBuildFile; fileRef = FA09AAF91FB59287003C6C20 /* 1261295-200.png */; };
		FA09AB011FB59287003C6C20 /* 1175530-200.png in Resources */ = {isa = PBXBuildFile; fileRef = FA09AAFA1FB59287003C6C20 /* 1175530-200.png */; };
		FA09AB021FB59287003C6C20 /* 1175536-200.png in Resources */ = {isa = PBXBuildFile; fileRef = FA09AAFB1FB59287003C6C20 /* 1175536-200.png */; };
		FA09AB041FB593A1003C6C20 /* GameplayScene.swift in Sources */ = {isa = PBXBuildFile; fileRef = FA09AB031FB593A1003C6C20 /* GameplayScene.swift */; };
		FA09AB081FB5941B003C6C20 /* GameplayScene.sks in Resources */ = {isa = PBXBuildFile; fileRef = FA09AB071FB5941B003C6C20 /* GameplayScene.sks */; };
		FA09AB0A1FB594CE003C6C20 /* Main.storyboard in Resources */ = {isa = PBXBuildFile; fileRef = FA09AB091FB594CD003C6C20 /* Main.storyboard */; };
		FA09AB141FB599F7003C6C20 /* GameManager.swift in Sources */ = {isa = PBXBuildFile; fileRef = FA09AB131FB599F7003C6C20 /* GameManager.swift */; };
		FA8908441FB3461200C31387 /* basicStatsModelView.swift in Sources */ = {isa = PBXBuildFile; fileRef = FA8908431FB3461200C31387 /* basicStatsModelView.swift */; };
/* End PBXBuildFile section */

/* Begin PBXContainerItemProxy section */
		EE2B40951FB1DBFA005C5775 /* PBXContainerItemProxy */ = {
			isa = PBXContainerItemProxy;
			containerPortal = EE2B40721FB1DBFA005C5775 /* Project object */;
			proxyType = 1;
			remoteGlobalIDString = EE2B40791FB1DBFA005C5775;
			remoteInfo = Tamagotchi;
		};
		EE2B40A01FB1DBFA005C5775 /* PBXContainerItemProxy */ = {
			isa = PBXContainerItemProxy;
			containerPortal = EE2B40721FB1DBFA005C5775 /* Project object */;
			proxyType = 1;
			remoteGlobalIDString = EE2B40791FB1DBFA005C5775;
			remoteInfo = Tamagotchi;
		};
/* End PBXContainerItemProxy section */

/* Begin PBXCopyFilesBuildPhase section */
		43DBF2C41FB3BE7800E1A96D /* CopyFiles */ = {
			isa = PBXCopyFilesBuildPhase;
			buildActionMask = 2147483647;
			dstPath = "";
			dstSubfolderSpec = 10;
			files = (
			);
			runOnlyForDeploymentPostprocessing = 0;
		};
		43DBF2CB1FB3BF6700E1A96D /* CopyFiles */ = {
			isa = PBXCopyFilesBuildPhase;
			buildActionMask = 2147483647;
			dstPath = "";
			dstSubfolderSpec = 7;
			files = (
			);
			runOnlyForDeploymentPostprocessing = 0;
		};
/* End PBXCopyFilesBuildPhase section */

/* Begin PBXFileReference section */
<<<<<<< HEAD
		53F5B7891FB5F0A000556CD5 /* Forest BG.png */ = {isa = PBXFileReference; lastKnownFileType = image.png; path = "Forest BG.png"; sourceTree = "<group>"; };
		53F5B78C1FB5F57F00556CD5 /* Blue 1.png */ = {isa = PBXFileReference; lastKnownFileType = image.png; path = "Blue 1.png"; sourceTree = "<group>"; };
		53F5B78D1FB5F57F00556CD5 /* Pause Menu.png */ = {isa = PBXFileReference; lastKnownFileType = image.png; path = "Pause Menu.png"; sourceTree = "<group>"; };
=======
		43DBF2C01FB3BE2400E1A96D /* Nimble.framework.dSYM */ = {isa = PBXFileReference; lastKnownFileType = wrapper.dsym; name = Nimble.framework.dSYM; path = Carthage/Build/iOS/Nimble.framework.dSYM; sourceTree = "<group>"; };
		43DBF2C21FB3BE2600E1A96D /* Quick.framework.dSYM */ = {isa = PBXFileReference; lastKnownFileType = wrapper.dsym; name = Quick.framework.dSYM; path = Carthage/Build/iOS/Quick.framework.dSYM; sourceTree = "<group>"; };
>>>>>>> master
		EE2B407A1FB1DBFA005C5775 /* Tamagotchi.app */ = {isa = PBXFileReference; explicitFileType = wrapper.application; includeInIndex = 0; path = Tamagotchi.app; sourceTree = BUILT_PRODUCTS_DIR; };
		EE2B407D1FB1DBFA005C5775 /* AppDelegate.swift */ = {isa = PBXFileReference; lastKnownFileType = sourcecode.swift; path = AppDelegate.swift; sourceTree = "<group>"; };
		EE2B407F1FB1DBFA005C5775 /* GameScene.sks */ = {isa = PBXFileReference; lastKnownFileType = file.sks; path = GameScene.sks; sourceTree = "<group>"; };
		EE2B40811FB1DBFA005C5775 /* Actions.sks */ = {isa = PBXFileReference; lastKnownFileType = file.sks; path = Actions.sks; sourceTree = "<group>"; };
		EE2B40851FB1DBFA005C5775 /* GameViewController.swift */ = {isa = PBXFileReference; lastKnownFileType = sourcecode.swift; path = GameViewController.swift; sourceTree = "<group>"; };
		EE2B408A1FB1DBFA005C5775 /* Assets.xcassets */ = {isa = PBXFileReference; lastKnownFileType = folder.assetcatalog; path = Assets.xcassets; sourceTree = "<group>"; };
		EE2B408D1FB1DBFA005C5775 /* Base */ = {isa = PBXFileReference; lastKnownFileType = file.storyboard; name = Base; path = Base.lproj/LaunchScreen.storyboard; sourceTree = "<group>"; };
		EE2B408F1FB1DBFA005C5775 /* Info.plist */ = {isa = PBXFileReference; lastKnownFileType = text.plist.xml; path = Info.plist; sourceTree = "<group>"; };
		EE2B40941FB1DBFA005C5775 /* TamagotchiTests.xctest */ = {isa = PBXFileReference; explicitFileType = wrapper.cfbundle; includeInIndex = 0; path = TamagotchiTests.xctest; sourceTree = BUILT_PRODUCTS_DIR; };
		EE2B409A1FB1DBFA005C5775 /* Info.plist */ = {isa = PBXFileReference; lastKnownFileType = text.plist.xml; path = Info.plist; sourceTree = "<group>"; };
		EE2B409F1FB1DBFA005C5775 /* TamagotchiUITests.xctest */ = {isa = PBXFileReference; explicitFileType = wrapper.cfbundle; includeInIndex = 0; path = TamagotchiUITests.xctest; sourceTree = BUILT_PRODUCTS_DIR; };
		EE2B40A31FB1DBFA005C5775 /* TamagotchiUITests.swift */ = {isa = PBXFileReference; lastKnownFileType = sourcecode.swift; path = TamagotchiUITests.swift; sourceTree = "<group>"; };
		EE2B40A51FB1DBFA005C5775 /* Info.plist */ = {isa = PBXFileReference; lastKnownFileType = text.plist.xml; path = Info.plist; sourceTree = "<group>"; };
		EE2B40B11FB1DC42005C5775 /* EggTests.swift */ = {isa = PBXFileReference; lastKnownFileType = sourcecode.swift; path = EggTests.swift; sourceTree = "<group>"; };
		EE2B40B31FB1DDC2005C5775 /* Egg.swift */ = {isa = PBXFileReference; lastKnownFileType = sourcecode.swift; path = Egg.swift; sourceTree = "<group>"; };
		EEC1E2651FB5C4EA005606E4 /* Lion.swift */ = {isa = PBXFileReference; lastKnownFileType = sourcecode.swift; path = Lion.swift; sourceTree = "<group>"; };
		EEC1E2671FB5C524005606E4 /* VisualLion.swift */ = {isa = PBXFileReference; lastKnownFileType = sourcecode.swift; path = VisualLion.swift; sourceTree = "<group>"; };
		EEC1E26A1FB5C8DD005606E4 /* lion.png */ = {isa = PBXFileReference; lastKnownFileType = image.png; path = lion.png; sourceTree = "<group>"; };
		FA09AAF11FB5920B003C6C20 /* VisualEgg.swift */ = {isa = PBXFileReference; lastKnownFileType = sourcecode.swift; path = VisualEgg.swift; sourceTree = "<group>"; };
		FA09AAF51FB59286003C6C20 /* crack2.png */ = {isa = PBXFileReference; lastKnownFileType = image.png; path = crack2.png; sourceTree = "<group>"; };
		FA09AAF61FB59286003C6C20 /* 1276572-200.png */ = {isa = PBXFileReference; lastKnownFileType = image.png; path = "1276572-200.png"; sourceTree = "<group>"; };
		FA09AAF71FB59286003C6C20 /* crack1.png */ = {isa = PBXFileReference; lastKnownFileType = image.png; path = crack1.png; sourceTree = "<group>"; };
		FA09AAF81FB59287003C6C20 /* 1175533-200.png */ = {isa = PBXFileReference; lastKnownFileType = image.png; path = "1175533-200.png"; sourceTree = "<group>"; };
		FA09AAF91FB59287003C6C20 /* 1261295-200.png */ = {isa = PBXFileReference; lastKnownFileType = image.png; path = "1261295-200.png"; sourceTree = "<group>"; };
		FA09AAFA1FB59287003C6C20 /* 1175530-200.png */ = {isa = PBXFileReference; lastKnownFileType = image.png; path = "1175530-200.png"; sourceTree = "<group>"; };
		FA09AAFB1FB59287003C6C20 /* 1175536-200.png */ = {isa = PBXFileReference; lastKnownFileType = image.png; path = "1175536-200.png"; sourceTree = "<group>"; };
		FA09AB031FB593A1003C6C20 /* GameplayScene.swift */ = {isa = PBXFileReference; fileEncoding = 4; lastKnownFileType = sourcecode.swift; path = GameplayScene.swift; sourceTree = "<group>"; };
		FA09AB071FB5941B003C6C20 /* GameplayScene.sks */ = {isa = PBXFileReference; lastKnownFileType = file.sks; path = GameplayScene.sks; sourceTree = "<group>"; };
		FA09AB091FB594CD003C6C20 /* Main.storyboard */ = {isa = PBXFileReference; fileEncoding = 4; lastKnownFileType = file.storyboard; path = Main.storyboard; sourceTree = "<group>"; };
<<<<<<< HEAD
=======
		FA09AB121FB5961C003C6C20 /* Forest.png */ = {isa = PBXFileReference; lastKnownFileType = image.png; path = Forest.png; sourceTree = "<group>"; };
>>>>>>> master
		FA09AB131FB599F7003C6C20 /* GameManager.swift */ = {isa = PBXFileReference; lastKnownFileType = sourcecode.swift; path = GameManager.swift; sourceTree = "<group>"; };
		FA8908431FB3461200C31387 /* basicStatsModelView.swift */ = {isa = PBXFileReference; lastKnownFileType = sourcecode.swift; path = basicStatsModelView.swift; sourceTree = "<group>"; };
/* End PBXFileReference section */

/* Begin PBXFrameworksBuildPhase section */
		EE2B40771FB1DBFA005C5775 /* Frameworks */ = {
			isa = PBXFrameworksBuildPhase;
			buildActionMask = 2147483647;
			files = (
				43DBF2C11FB3BE2400E1A96D /* Nimble.framework.dSYM in Frameworks */,
				43DBF2C31FB3BE2600E1A96D /* Quick.framework.dSYM in Frameworks */,
			);
			runOnlyForDeploymentPostprocessing = 0;
		};
		EE2B40911FB1DBFA005C5775 /* Frameworks */ = {
			isa = PBXFrameworksBuildPhase;
			buildActionMask = 2147483647;
			files = (
			);
			runOnlyForDeploymentPostprocessing = 0;
		};
		EE2B409C1FB1DBFA005C5775 /* Frameworks */ = {
			isa = PBXFrameworksBuildPhase;
			buildActionMask = 2147483647;
			files = (
			);
			runOnlyForDeploymentPostprocessing = 0;
		};
/* End PBXFrameworksBuildPhase section */

/* Begin PBXGroup section */
		43DBF2BF1FB3BE2400E1A96D /* Frameworks */ = {
			isa = PBXGroup;
			children = (
				43DBF2C21FB3BE2600E1A96D /* Quick.framework.dSYM */,
				43DBF2C01FB3BE2400E1A96D /* Nimble.framework.dSYM */,
			);
			name = Frameworks;
			sourceTree = "<group>";
		};
		EE2B40711FB1DBFA005C5775 = {
			isa = PBXGroup;
			children = (
				FA09AAF31FB59264003C6C20 /* Assets */,
				FA09AAF01FB591EA003C6C20 /* Scenes */,
				FA09AAEF1FB591CA003C6C20 /* Classes */,
				EE2B407C1FB1DBFA005C5775 /* Tamagotchi */,
				EE2B40971FB1DBFA005C5775 /* TamagotchiTests */,
				EE2B40A21FB1DBFA005C5775 /* TamagotchiUITests */,
				EE2B407B1FB1DBFA005C5775 /* Products */,
				43DBF2BF1FB3BE2400E1A96D /* Frameworks */,
			);
			sourceTree = "<group>";
		};
		EE2B407B1FB1DBFA005C5775 /* Products */ = {
			isa = PBXGroup;
			children = (
				EE2B407A1FB1DBFA005C5775 /* Tamagotchi.app */,
				EE2B40941FB1DBFA005C5775 /* TamagotchiTests.xctest */,
				EE2B409F1FB1DBFA005C5775 /* TamagotchiUITests.xctest */,
			);
			name = Products;
			sourceTree = "<group>";
		};
		EE2B407C1FB1DBFA005C5775 /* Tamagotchi */ = {
			isa = PBXGroup;
			children = (
				EE2B407D1FB1DBFA005C5775 /* AppDelegate.swift */,
				EE2B407F1FB1DBFA005C5775 /* GameScene.sks */,
				EE2B40811FB1DBFA005C5775 /* Actions.sks */,
				EE2B40851FB1DBFA005C5775 /* GameViewController.swift */,
				FA09AB091FB594CD003C6C20 /* Main.storyboard */,
				FA8908431FB3461200C31387 /* basicStatsModelView.swift */,
				EE2B408A1FB1DBFA005C5775 /* Assets.xcassets */,
				FA09AB161FB5CD2E003C6C20 /* Cracking.atlas */,
				EE2B408C1FB1DBFA005C5775 /* LaunchScreen.storyboard */,
				EE2B408F1FB1DBFA005C5775 /* Info.plist */,
			);
			path = Tamagotchi;
			sourceTree = "<group>";
		};
		EE2B40971FB1DBFA005C5775 /* TamagotchiTests */ = {
			isa = PBXGroup;
			children = (
				EE2B409A1FB1DBFA005C5775 /* Info.plist */,
				EE2B40B11FB1DC42005C5775 /* EggTests.swift */,
			);
			path = TamagotchiTests;
			sourceTree = "<group>";
		};
		EE2B40A21FB1DBFA005C5775 /* TamagotchiUITests */ = {
			isa = PBXGroup;
			children = (
				EE2B40A31FB1DBFA005C5775 /* TamagotchiUITests.swift */,
				EE2B40A51FB1DBFA005C5775 /* Info.plist */,
			);
			path = TamagotchiUITests;
			sourceTree = "<group>";
		};
		EEC1E2691FB5C590005606E4 /* Lion */ = {
			isa = PBXGroup;
			children = (
				EEC1E26A1FB5C8DD005606E4 /* lion.png */,
			);
			path = Lion;
			sourceTree = "<group>";
		};
		FA09AAEF1FB591CA003C6C20 /* Classes */ = {
			isa = PBXGroup;
			children = (
				FA09AB151FB59A00003C6C20 /* Manager */,
				FA09AB061FB593D1003C6C20 /* CreatureClasses */,
				FA09AB051FB593A9003C6C20 /* SceneClasses */,
			);
			path = Classes;
			sourceTree = "<group>";
		};
		FA09AAF01FB591EA003C6C20 /* Scenes */ = {
			isa = PBXGroup;
			children = (
				FA09AB071FB5941B003C6C20 /* GameplayScene.sks */,
			);
			path = Scenes;
			sourceTree = "<group>";
		};
		FA09AAF31FB59264003C6C20 /* Assets */ = {
			isa = PBXGroup;
			children = (
				EEC1E2691FB5C590005606E4 /* Lion */,
				FA09AB111FB59612003C6C20 /* Background */,
				FA09AAF41FB5926A003C6C20 /* Egg */,
				FA09AAFA1FB59287003C6C20 /* 1175530-200.png */,
				FA09AAF81FB59287003C6C20 /* 1175533-200.png */,
				FA09AAFB1FB59287003C6C20 /* 1175536-200.png */,
				FA09AAF91FB59287003C6C20 /* 1261295-200.png */,
			);
			path = Assets;
			sourceTree = "<group>";
		};
		FA09AAF41FB5926A003C6C20 /* Egg */ = {
			isa = PBXGroup;
			children = (
				53F5B78C1FB5F57F00556CD5 /* Blue 1.png */,
				53F5B78D1FB5F57F00556CD5 /* Pause Menu.png */,
				FA09AAF61FB59286003C6C20 /* 1276572-200.png */,
			);
			path = Egg;
			sourceTree = "<group>";
		};
		FA09AB051FB593A9003C6C20 /* SceneClasses */ = {
			isa = PBXGroup;
			children = (
				FA09AB031FB593A1003C6C20 /* GameplayScene.swift */,
			);
			path = SceneClasses;
			sourceTree = "<group>";
		};
		FA09AB061FB593D1003C6C20 /* CreatureClasses */ = {
			isa = PBXGroup;
			children = (
				FA09AAF11FB5920B003C6C20 /* VisualEgg.swift */,
				EE2B40B31FB1DDC2005C5775 /* Egg.swift */,
				EEC1E2651FB5C4EA005606E4 /* Lion.swift */,
				EEC1E2671FB5C524005606E4 /* VisualLion.swift */,
			);
			path = CreatureClasses;
			sourceTree = "<group>";
		};
		FA09AB111FB59612003C6C20 /* Background */ = {
			isa = PBXGroup;
			children = (
				53F5B7891FB5F0A000556CD5 /* Forest BG.png */,
			);
			path = Background;
			sourceTree = "<group>";
		};
		FA09AB151FB59A00003C6C20 /* Manager */ = {
			isa = PBXGroup;
			children = (
				FA09AB131FB599F7003C6C20 /* GameManager.swift */,
			);
			path = Manager;
			sourceTree = "<group>";
		};
		FA09AB161FB5CD2E003C6C20 /* Cracking.atlas */ = {
			isa = PBXGroup;
			children = (
				FA09AAF71FB59286003C6C20 /* crack1.png */,
				FA09AAF51FB59286003C6C20 /* crack2.png */,
			);
			path = Cracking.atlas;
			sourceTree = "<group>";
		};
/* End PBXGroup section */

/* Begin PBXNativeTarget section */
		EE2B40791FB1DBFA005C5775 /* Tamagotchi */ = {
			isa = PBXNativeTarget;
			buildConfigurationList = EE2B40A81FB1DBFA005C5775 /* Build configuration list for PBXNativeTarget "Tamagotchi" */;
			buildPhases = (
				EE2B40761FB1DBFA005C5775 /* Sources */,
				EE2B40771FB1DBFA005C5775 /* Frameworks */,
				EE2B40781FB1DBFA005C5775 /* Resources */,
				43DBF2C41FB3BE7800E1A96D /* CopyFiles */,
				43DBF2CB1FB3BF6700E1A96D /* CopyFiles */,
			);
			buildRules = (
			);
			dependencies = (
			);
			name = Tamagotchi;
			productName = Tamagotchi;
			productReference = EE2B407A1FB1DBFA005C5775 /* Tamagotchi.app */;
			productType = "com.apple.product-type.application";
		};
		EE2B40931FB1DBFA005C5775 /* TamagotchiTests */ = {
			isa = PBXNativeTarget;
			buildConfigurationList = EE2B40AB1FB1DBFA005C5775 /* Build configuration list for PBXNativeTarget "TamagotchiTests" */;
			buildPhases = (
				EE2B40901FB1DBFA005C5775 /* Sources */,
				EE2B40911FB1DBFA005C5775 /* Frameworks */,
				EE2B40921FB1DBFA005C5775 /* Resources */,
			);
			buildRules = (
			);
			dependencies = (
				EE2B40961FB1DBFA005C5775 /* PBXTargetDependency */,
			);
			name = TamagotchiTests;
			productName = TamagotchiTests;
			productReference = EE2B40941FB1DBFA005C5775 /* TamagotchiTests.xctest */;
			productType = "com.apple.product-type.bundle.unit-test";
		};
		EE2B409E1FB1DBFA005C5775 /* TamagotchiUITests */ = {
			isa = PBXNativeTarget;
			buildConfigurationList = EE2B40AE1FB1DBFA005C5775 /* Build configuration list for PBXNativeTarget "TamagotchiUITests" */;
			buildPhases = (
				EE2B409B1FB1DBFA005C5775 /* Sources */,
				EE2B409C1FB1DBFA005C5775 /* Frameworks */,
				EE2B409D1FB1DBFA005C5775 /* Resources */,
			);
			buildRules = (
			);
			dependencies = (
				EE2B40A11FB1DBFA005C5775 /* PBXTargetDependency */,
			);
			name = TamagotchiUITests;
			productName = TamagotchiUITests;
			productReference = EE2B409F1FB1DBFA005C5775 /* TamagotchiUITests.xctest */;
			productType = "com.apple.product-type.bundle.ui-testing";
		};
/* End PBXNativeTarget section */

/* Begin PBXProject section */
		EE2B40721FB1DBFA005C5775 /* Project object */ = {
			isa = PBXProject;
			attributes = {
				LastSwiftUpdateCheck = 0910;
				LastUpgradeCheck = 0910;
				ORGANIZATIONNAME = "Tammo Team";
				TargetAttributes = {
					EE2B40791FB1DBFA005C5775 = {
						CreatedOnToolsVersion = 9.1;
						ProvisioningStyle = Automatic;
					};
					EE2B40931FB1DBFA005C5775 = {
						CreatedOnToolsVersion = 9.1;
						LastSwiftMigration = 0910;
						ProvisioningStyle = Automatic;
						TestTargetID = EE2B40791FB1DBFA005C5775;
					};
					EE2B409E1FB1DBFA005C5775 = {
						CreatedOnToolsVersion = 9.1;
						ProvisioningStyle = Automatic;
						TestTargetID = EE2B40791FB1DBFA005C5775;
					};
				};
			};
			buildConfigurationList = EE2B40751FB1DBFA005C5775 /* Build configuration list for PBXProject "Tamagotchi" */;
			compatibilityVersion = "Xcode 8.0";
			developmentRegion = en;
			hasScannedForEncodings = 0;
			knownRegions = (
				en,
				Base,
			);
			mainGroup = EE2B40711FB1DBFA005C5775;
			productRefGroup = EE2B407B1FB1DBFA005C5775 /* Products */;
			projectDirPath = "";
			projectRoot = "";
			targets = (
				EE2B40791FB1DBFA005C5775 /* Tamagotchi */,
				EE2B40931FB1DBFA005C5775 /* TamagotchiTests */,
				EE2B409E1FB1DBFA005C5775 /* TamagotchiUITests */,
			);
		};
/* End PBXProject section */

/* Begin PBXResourcesBuildPhase section */
		EE2B40781FB1DBFA005C5775 /* Resources */ = {
			isa = PBXResourcesBuildPhase;
			buildActionMask = 2147483647;
			files = (
				FA09AB021FB59287003C6C20 /* 1175536-200.png in Resources */,
				EE2B40801FB1DBFA005C5775 /* GameScene.sks in Resources */,
				53F5B78E1FB5F57F00556CD5 /* Blue 1.png in Resources */,
				EE2B408B1FB1DBFA005C5775 /* Assets.xcassets in Resources */,
				53F5B78F1FB5F57F00556CD5 /* Pause Menu.png in Resources */,
				EE2B408E1FB1DBFA005C5775 /* LaunchScreen.storyboard in Resources */,
<<<<<<< HEAD
=======
				EEC1E2641FB5C11D005606E4 /* Forest.png in Resources */,
>>>>>>> master
				FA09AAFF1FB59287003C6C20 /* 1175533-200.png in Resources */,
				FA09AB001FB59287003C6C20 /* 1261295-200.png in Resources */,
				FA09AAFC1FB59287003C6C20 /* crack2.png in Resources */,
				FA09AB0A1FB594CE003C6C20 /* Main.storyboard in Resources */,
				FA09AAFE1FB59287003C6C20 /* crack1.png in Resources */,
				FA09AB081FB5941B003C6C20 /* GameplayScene.sks in Resources */,
<<<<<<< HEAD
				53F5B78A1FB5F0A000556CD5 /* Forest BG.png in Resources */,
=======
				EEC1E26B1FB5C8DD005606E4 /* lion.png in Resources */,
>>>>>>> master
				EE2B40821FB1DBFA005C5775 /* Actions.sks in Resources */,
				FA09AAFD1FB59287003C6C20 /* 1276572-200.png in Resources */,
				FA09AB011FB59287003C6C20 /* 1175530-200.png in Resources */,
			);
			runOnlyForDeploymentPostprocessing = 0;
		};
		EE2B40921FB1DBFA005C5775 /* Resources */ = {
			isa = PBXResourcesBuildPhase;
			buildActionMask = 2147483647;
			files = (
			);
			runOnlyForDeploymentPostprocessing = 0;
		};
		EE2B409D1FB1DBFA005C5775 /* Resources */ = {
			isa = PBXResourcesBuildPhase;
			buildActionMask = 2147483647;
			files = (
			);
			runOnlyForDeploymentPostprocessing = 0;
		};
/* End PBXResourcesBuildPhase section */

/* Begin PBXSourcesBuildPhase section */
		EE2B40761FB1DBFA005C5775 /* Sources */ = {
			isa = PBXSourcesBuildPhase;
			buildActionMask = 2147483647;
			files = (
				EE2B40861FB1DBFA005C5775 /* GameViewController.swift in Sources */,
				EEC1E2681FB5C524005606E4 /* VisualLion.swift in Sources */,
				FA8908441FB3461200C31387 /* basicStatsModelView.swift in Sources */,
				FA09AAF21FB5920B003C6C20 /* VisualEgg.swift in Sources */,
				FA09AB141FB599F7003C6C20 /* GameManager.swift in Sources */,
				EE2B407E1FB1DBFA005C5775 /* AppDelegate.swift in Sources */,
				FA09AB041FB593A1003C6C20 /* GameplayScene.swift in Sources */,
				EE2B40B41FB1DDC2005C5775 /* Egg.swift in Sources */,
				EEC1E2661FB5C4EA005606E4 /* Lion.swift in Sources */,
			);
			runOnlyForDeploymentPostprocessing = 0;
		};
		EE2B40901FB1DBFA005C5775 /* Sources */ = {
			isa = PBXSourcesBuildPhase;
			buildActionMask = 2147483647;
			files = (
				EE2B40B21FB1DC42005C5775 /* EggTests.swift in Sources */,
			);
			runOnlyForDeploymentPostprocessing = 0;
		};
		EE2B409B1FB1DBFA005C5775 /* Sources */ = {
			isa = PBXSourcesBuildPhase;
			buildActionMask = 2147483647;
			files = (
				EE2B40A41FB1DBFA005C5775 /* TamagotchiUITests.swift in Sources */,
			);
			runOnlyForDeploymentPostprocessing = 0;
		};
/* End PBXSourcesBuildPhase section */

/* Begin PBXTargetDependency section */
		EE2B40961FB1DBFA005C5775 /* PBXTargetDependency */ = {
			isa = PBXTargetDependency;
			target = EE2B40791FB1DBFA005C5775 /* Tamagotchi */;
			targetProxy = EE2B40951FB1DBFA005C5775 /* PBXContainerItemProxy */;
		};
		EE2B40A11FB1DBFA005C5775 /* PBXTargetDependency */ = {
			isa = PBXTargetDependency;
			target = EE2B40791FB1DBFA005C5775 /* Tamagotchi */;
			targetProxy = EE2B40A01FB1DBFA005C5775 /* PBXContainerItemProxy */;
		};
/* End PBXTargetDependency section */

/* Begin PBXVariantGroup section */
		EE2B408C1FB1DBFA005C5775 /* LaunchScreen.storyboard */ = {
			isa = PBXVariantGroup;
			children = (
				EE2B408D1FB1DBFA005C5775 /* Base */,
			);
			name = LaunchScreen.storyboard;
			sourceTree = "<group>";
		};
/* End PBXVariantGroup section */

/* Begin XCBuildConfiguration section */
		EE2B40A61FB1DBFA005C5775 /* Debug */ = {
			isa = XCBuildConfiguration;
			buildSettings = {
				ALWAYS_SEARCH_USER_PATHS = NO;
				CLANG_ANALYZER_NONNULL = YES;
				CLANG_ANALYZER_NUMBER_OBJECT_CONVERSION = YES_AGGRESSIVE;
				CLANG_CXX_LANGUAGE_STANDARD = "gnu++14";
				CLANG_CXX_LIBRARY = "libc++";
				CLANG_ENABLE_MODULES = YES;
				CLANG_ENABLE_OBJC_ARC = YES;
				CLANG_WARN_BLOCK_CAPTURE_AUTORELEASING = YES;
				CLANG_WARN_BOOL_CONVERSION = YES;
				CLANG_WARN_COMMA = YES;
				CLANG_WARN_CONSTANT_CONVERSION = YES;
				CLANG_WARN_DIRECT_OBJC_ISA_USAGE = YES_ERROR;
				CLANG_WARN_DOCUMENTATION_COMMENTS = YES;
				CLANG_WARN_EMPTY_BODY = YES;
				CLANG_WARN_ENUM_CONVERSION = YES;
				CLANG_WARN_INFINITE_RECURSION = YES;
				CLANG_WARN_INT_CONVERSION = YES;
				CLANG_WARN_NON_LITERAL_NULL_CONVERSION = YES;
				CLANG_WARN_OBJC_LITERAL_CONVERSION = YES;
				CLANG_WARN_OBJC_ROOT_CLASS = YES_ERROR;
				CLANG_WARN_RANGE_LOOP_ANALYSIS = YES;
				CLANG_WARN_STRICT_PROTOTYPES = YES;
				CLANG_WARN_SUSPICIOUS_MOVE = YES;
				CLANG_WARN_UNGUARDED_AVAILABILITY = YES_AGGRESSIVE;
				CLANG_WARN_UNREACHABLE_CODE = YES;
				CLANG_WARN__DUPLICATE_METHOD_MATCH = YES;
				CODE_SIGN_IDENTITY = "iPhone Developer";
				COPY_PHASE_STRIP = NO;
				DEBUG_INFORMATION_FORMAT = dwarf;
				ENABLE_STRICT_OBJC_MSGSEND = YES;
				ENABLE_TESTABILITY = YES;
				GCC_C_LANGUAGE_STANDARD = gnu11;
				GCC_DYNAMIC_NO_PIC = NO;
				GCC_NO_COMMON_BLOCKS = YES;
				GCC_OPTIMIZATION_LEVEL = 0;
				GCC_PREPROCESSOR_DEFINITIONS = (
					"DEBUG=1",
					"$(inherited)",
				);
				GCC_WARN_64_TO_32_BIT_CONVERSION = YES;
				GCC_WARN_ABOUT_RETURN_TYPE = YES_ERROR;
				GCC_WARN_UNDECLARED_SELECTOR = YES;
				GCC_WARN_UNINITIALIZED_AUTOS = YES_AGGRESSIVE;
				GCC_WARN_UNUSED_FUNCTION = YES;
				GCC_WARN_UNUSED_VARIABLE = YES;
				IPHONEOS_DEPLOYMENT_TARGET = 11.1;
				MTL_ENABLE_DEBUG_INFO = YES;
				ONLY_ACTIVE_ARCH = YES;
				SDKROOT = iphoneos;
				SWIFT_ACTIVE_COMPILATION_CONDITIONS = DEBUG;
				SWIFT_OPTIMIZATION_LEVEL = "-Onone";
			};
			name = Debug;
		};
		EE2B40A71FB1DBFA005C5775 /* Release */ = {
			isa = XCBuildConfiguration;
			buildSettings = {
				ALWAYS_SEARCH_USER_PATHS = NO;
				CLANG_ANALYZER_NONNULL = YES;
				CLANG_ANALYZER_NUMBER_OBJECT_CONVERSION = YES_AGGRESSIVE;
				CLANG_CXX_LANGUAGE_STANDARD = "gnu++14";
				CLANG_CXX_LIBRARY = "libc++";
				CLANG_ENABLE_MODULES = YES;
				CLANG_ENABLE_OBJC_ARC = YES;
				CLANG_WARN_BLOCK_CAPTURE_AUTORELEASING = YES;
				CLANG_WARN_BOOL_CONVERSION = YES;
				CLANG_WARN_COMMA = YES;
				CLANG_WARN_CONSTANT_CONVERSION = YES;
				CLANG_WARN_DIRECT_OBJC_ISA_USAGE = YES_ERROR;
				CLANG_WARN_DOCUMENTATION_COMMENTS = YES;
				CLANG_WARN_EMPTY_BODY = YES;
				CLANG_WARN_ENUM_CONVERSION = YES;
				CLANG_WARN_INFINITE_RECURSION = YES;
				CLANG_WARN_INT_CONVERSION = YES;
				CLANG_WARN_NON_LITERAL_NULL_CONVERSION = YES;
				CLANG_WARN_OBJC_LITERAL_CONVERSION = YES;
				CLANG_WARN_OBJC_ROOT_CLASS = YES_ERROR;
				CLANG_WARN_RANGE_LOOP_ANALYSIS = YES;
				CLANG_WARN_STRICT_PROTOTYPES = YES;
				CLANG_WARN_SUSPICIOUS_MOVE = YES;
				CLANG_WARN_UNGUARDED_AVAILABILITY = YES_AGGRESSIVE;
				CLANG_WARN_UNREACHABLE_CODE = YES;
				CLANG_WARN__DUPLICATE_METHOD_MATCH = YES;
				CODE_SIGN_IDENTITY = "iPhone Developer";
				COPY_PHASE_STRIP = NO;
				DEBUG_INFORMATION_FORMAT = "dwarf-with-dsym";
				ENABLE_NS_ASSERTIONS = NO;
				ENABLE_STRICT_OBJC_MSGSEND = YES;
				GCC_C_LANGUAGE_STANDARD = gnu11;
				GCC_NO_COMMON_BLOCKS = YES;
				GCC_WARN_64_TO_32_BIT_CONVERSION = YES;
				GCC_WARN_ABOUT_RETURN_TYPE = YES_ERROR;
				GCC_WARN_UNDECLARED_SELECTOR = YES;
				GCC_WARN_UNINITIALIZED_AUTOS = YES_AGGRESSIVE;
				GCC_WARN_UNUSED_FUNCTION = YES;
				GCC_WARN_UNUSED_VARIABLE = YES;
				IPHONEOS_DEPLOYMENT_TARGET = 11.1;
				MTL_ENABLE_DEBUG_INFO = NO;
				SDKROOT = iphoneos;
				SWIFT_OPTIMIZATION_LEVEL = "-Owholemodule";
				VALIDATE_PRODUCT = YES;
			};
			name = Release;
		};
		EE2B40A91FB1DBFA005C5775 /* Debug */ = {
			isa = XCBuildConfiguration;
			buildSettings = {
				ASSETCATALOG_COMPILER_APPICON_NAME = AppIcon;
				CODE_SIGN_STYLE = Automatic;
				INFOPLIST_FILE = Tamagotchi/Info.plist;
				LD_RUNPATH_SEARCH_PATHS = "$(inherited) @executable_path/Frameworks";
				PRODUCT_BUNDLE_IDENTIFIER = com.TammoTeam.Tamagotchi;
				PRODUCT_NAME = "$(TARGET_NAME)";
				SWIFT_VERSION = 4.0;
				TARGETED_DEVICE_FAMILY = "1,2";
			};
			name = Debug;
		};
		EE2B40AA1FB1DBFA005C5775 /* Release */ = {
			isa = XCBuildConfiguration;
			buildSettings = {
				ASSETCATALOG_COMPILER_APPICON_NAME = AppIcon;
				CODE_SIGN_STYLE = Automatic;
				INFOPLIST_FILE = Tamagotchi/Info.plist;
				LD_RUNPATH_SEARCH_PATHS = "$(inherited) @executable_path/Frameworks";
				PRODUCT_BUNDLE_IDENTIFIER = com.TammoTeam.Tamagotchi;
				PRODUCT_NAME = "$(TARGET_NAME)";
				SWIFT_VERSION = 4.0;
				TARGETED_DEVICE_FAMILY = "1,2";
			};
			name = Release;
		};
		EE2B40AC1FB1DBFA005C5775 /* Debug */ = {
			isa = XCBuildConfiguration;
			buildSettings = {
				ALWAYS_EMBED_SWIFT_STANDARD_LIBRARIES = YES;
				BUNDLE_LOADER = "$(TEST_HOST)";
				CLANG_ENABLE_MODULES = YES;
				CODE_SIGN_STYLE = Automatic;
				INFOPLIST_FILE = TamagotchiTests/Info.plist;
				LD_RUNPATH_SEARCH_PATHS = "$(inherited) @executable_path/Frameworks @loader_path/Frameworks";
				PRODUCT_BUNDLE_IDENTIFIER = com.TammoTeam.TamagotchiTests;
				PRODUCT_NAME = "$(TARGET_NAME)";
				SWIFT_OPTIMIZATION_LEVEL = "-Onone";
				SWIFT_VERSION = 4.0;
				TARGETED_DEVICE_FAMILY = "1,2";
				TEST_HOST = "$(BUILT_PRODUCTS_DIR)/Tamagotchi.app/Tamagotchi";
			};
			name = Debug;
		};
		EE2B40AD1FB1DBFA005C5775 /* Release */ = {
			isa = XCBuildConfiguration;
			buildSettings = {
				ALWAYS_EMBED_SWIFT_STANDARD_LIBRARIES = YES;
				BUNDLE_LOADER = "$(TEST_HOST)";
				CLANG_ENABLE_MODULES = YES;
				CODE_SIGN_STYLE = Automatic;
				INFOPLIST_FILE = TamagotchiTests/Info.plist;
				LD_RUNPATH_SEARCH_PATHS = "$(inherited) @executable_path/Frameworks @loader_path/Frameworks";
				PRODUCT_BUNDLE_IDENTIFIER = com.TammoTeam.TamagotchiTests;
				PRODUCT_NAME = "$(TARGET_NAME)";
				SWIFT_VERSION = 4.0;
				TARGETED_DEVICE_FAMILY = "1,2";
				TEST_HOST = "$(BUILT_PRODUCTS_DIR)/Tamagotchi.app/Tamagotchi";
			};
			name = Release;
		};
		EE2B40AF1FB1DBFA005C5775 /* Debug */ = {
			isa = XCBuildConfiguration;
			buildSettings = {
				ALWAYS_EMBED_SWIFT_STANDARD_LIBRARIES = YES;
				CODE_SIGN_STYLE = Automatic;
				INFOPLIST_FILE = TamagotchiUITests/Info.plist;
				LD_RUNPATH_SEARCH_PATHS = "$(inherited) @executable_path/Frameworks @loader_path/Frameworks";
				PRODUCT_BUNDLE_IDENTIFIER = com.TammoTeam.TamagotchiUITests;
				PRODUCT_NAME = "$(TARGET_NAME)";
				SWIFT_VERSION = 4.0;
				TARGETED_DEVICE_FAMILY = "1,2";
				TEST_TARGET_NAME = Tamagotchi;
			};
			name = Debug;
		};
		EE2B40B01FB1DBFA005C5775 /* Release */ = {
			isa = XCBuildConfiguration;
			buildSettings = {
				ALWAYS_EMBED_SWIFT_STANDARD_LIBRARIES = YES;
				CODE_SIGN_STYLE = Automatic;
				INFOPLIST_FILE = TamagotchiUITests/Info.plist;
				LD_RUNPATH_SEARCH_PATHS = "$(inherited) @executable_path/Frameworks @loader_path/Frameworks";
				PRODUCT_BUNDLE_IDENTIFIER = com.TammoTeam.TamagotchiUITests;
				PRODUCT_NAME = "$(TARGET_NAME)";
				SWIFT_VERSION = 4.0;
				TARGETED_DEVICE_FAMILY = "1,2";
				TEST_TARGET_NAME = Tamagotchi;
			};
			name = Release;
		};
/* End XCBuildConfiguration section */

/* Begin XCConfigurationList section */
		EE2B40751FB1DBFA005C5775 /* Build configuration list for PBXProject "Tamagotchi" */ = {
			isa = XCConfigurationList;
			buildConfigurations = (
				EE2B40A61FB1DBFA005C5775 /* Debug */,
				EE2B40A71FB1DBFA005C5775 /* Release */,
			);
			defaultConfigurationIsVisible = 0;
			defaultConfigurationName = Release;
		};
		EE2B40A81FB1DBFA005C5775 /* Build configuration list for PBXNativeTarget "Tamagotchi" */ = {
			isa = XCConfigurationList;
			buildConfigurations = (
				EE2B40A91FB1DBFA005C5775 /* Debug */,
				EE2B40AA1FB1DBFA005C5775 /* Release */,
			);
			defaultConfigurationIsVisible = 0;
			defaultConfigurationName = Release;
		};
		EE2B40AB1FB1DBFA005C5775 /* Build configuration list for PBXNativeTarget "TamagotchiTests" */ = {
			isa = XCConfigurationList;
			buildConfigurations = (
				EE2B40AC1FB1DBFA005C5775 /* Debug */,
				EE2B40AD1FB1DBFA005C5775 /* Release */,
			);
			defaultConfigurationIsVisible = 0;
			defaultConfigurationName = Release;
		};
		EE2B40AE1FB1DBFA005C5775 /* Build configuration list for PBXNativeTarget "TamagotchiUITests" */ = {
			isa = XCConfigurationList;
			buildConfigurations = (
				EE2B40AF1FB1DBFA005C5775 /* Debug */,
				EE2B40B01FB1DBFA005C5775 /* Release */,
			);
			defaultConfigurationIsVisible = 0;
			defaultConfigurationName = Release;
		};
/* End XCConfigurationList section */
	};
	rootObject = EE2B40721FB1DBFA005C5775 /* Project object */;
}
